
Microsoft Visual Studio Solution File, Format Version 12.00
# Visual Studio Version 17
VisualStudioVersion = 17.14.36811.4 d17.14
MinimumVisualStudioVersion = 10.0.40219.1
Project("{FAE04EC0-301F-11D3-BF4B-00C04F79EFBC}") = "SabirMethods", "SabirMethods\SabirMethods.csproj", "{A81CA5E4-A37A-4D38-9475-6D8677E402C7}"
EndProject
Global
	GlobalSection(SolutionConfigurationPlatforms) = preSolution
		Debug|Any CPU = Debug|Any CPU
		Release|Any CPU = Release|Any CPU
	EndGlobalSection
	GlobalSection(ProjectConfigurationPlatforms) = postSolution
		{A81CA5E4-A37A-4D38-9475-6D8677E402C7}.Debug|Any CPU.ActiveCfg = Debug|Any CPU
		{A81CA5E4-A37A-4D38-9475-6D8677E402C7}.Debug|Any CPU.Build.0 = Debug|Any CPU
		{A81CA5E4-A37A-4D38-9475-6D8677E402C7}.Release|Any CPU.ActiveCfg = Release|Any CPU
		{A81CA5E4-A37A-4D38-9475-6D8677E402C7}.Release|Any CPU.Build.0 = Release|Any CPU
	EndGlobalSection
	GlobalSection(SolutionProperties) = preSolution
		HideSolutionNode = FALSE
	EndGlobalSection
	GlobalSection(ExtensibilityGlobals) = postSolution
		SolutionGuid = {57F9F4AF-EDFE-465B-B81C-63C3B5CD6AEC}
	EndGlobalSection
EndGlobal
